
Microsoft Visual Studio Solution File, Format Version 12.00
# Visual Studio Version 16
VisualStudioVersion = 16.0.32002.261
MinimumVisualStudioVersion = 10.0.40219.1
Project("{FAE04EC0-301F-11D3-BF4B-00C04F79EFBC}") = "UILayer", "UILayer\UILayer.csproj", "{1428CDC4-455F-4EB9-B8DA-552F8280C515}"
EndProject
Global
	GlobalSection(SolutionConfigurationPlatforms) = preSolution
		Debug|Any CPU = Debug|Any CPU
		Release|Any CPU = Release|Any CPU
	EndGlobalSection
	GlobalSection(ProjectConfigurationPlatforms) = postSolution
		{1428CDC4-455F-4EB9-B8DA-552F8280C515}.Debug|Any CPU.ActiveCfg = Debug|Any CPU
		{1428CDC4-455F-4EB9-B8DA-552F8280C515}.Debug|Any CPU.Build.0 = Debug|Any CPU
		{1428CDC4-455F-4EB9-B8DA-552F8280C515}.Release|Any CPU.ActiveCfg = Release|Any CPU
		{1428CDC4-455F-4EB9-B8DA-552F8280C515}.Release|Any CPU.Build.0 = Release|Any CPU
	EndGlobalSection
	GlobalSection(SolutionProperties) = preSolution
		HideSolutionNode = FALSE
	EndGlobalSection
	GlobalSection(ExtensibilityGlobals) = postSolution
		SolutionGuid = {9BD60E8F-2446-4993-A81F-694EEE1AA46C}
	EndGlobalSection
EndGlobal
